// !$*UTF8*$!
{
	archiveVersion = 1;
	classes = {
	};
	objectVersion = 52;
	objects = {

/* Begin PBXBuildFile section */
		1A8C1CEFAA5C19B509134A7A /* AppComponent.swift in Sources */ = {isa = PBXBuildFile; fileRef = 53C6A8BEA25F413352F1679F /* AppComponent.swift */; };
		23AA0F066C8718DD291B526A /* Assets.xcassets in Resources */ = {isa = PBXBuildFile; fileRef = 4D66537BD4533108502FAE9D /* Assets.xcassets */; };
		38B177321DE5C280D2FC5EB3 /* AppRootBuilder.swift in Sources */ = {isa = PBXBuildFile; fileRef = 4320DE1AABD8F28D554D0833 /* AppRootBuilder.swift */; };
		4AD262FFD0A0226D7D5CBE6D /* AppRootRouter.swift in Sources */ = {isa = PBXBuildFile; fileRef = B0F0139AC06D07AC2EBF70D9 /* AppRootRouter.swift */; };
		6A2570A8285C053B004B9443 /* RIBs in Frameworks */ = {isa = PBXBuildFile; productRef = 6A2570A7285C053B004B9443 /* RIBs */; };
		6A2570AB285C0585004B9443 /* Features in Frameworks */ = {isa = PBXBuildFile; productRef = 6A2570AA285C0585004B9443 /* Features */; };
		A24B8CD71A58A45084D728C4 /* AppRootInteractor.swift in Sources */ = {isa = PBXBuildFile; fileRef = 1BFB2383FF57C0A0F938DFC1 /* AppRootInteractor.swift */; };
		A7486D6D0C9D2DD0964D8FDF /* LaunchScreen.storyboard in Resources */ = {isa = PBXBuildFile; fileRef = BB18525A199F4EB81B4911AA /* LaunchScreen.storyboard */; };
		B6866F65525DC9AB684DFC6D /* AppDelegate.swift in Sources */ = {isa = PBXBuildFile; fileRef = FD9094932D979DCCE0E7635A /* AppDelegate.swift */; };
		F4EC162344D17BEEC9D66A48 /* AppRootViewController.swift in Sources */ = {isa = PBXBuildFile; fileRef = 5506C479897F5561D4A54ADE /* AppRootViewController.swift */; };
/* End PBXBuildFile section */

/* Begin PBXFileReference section */
		1BFB2383FF57C0A0F938DFC1 /* AppRootInteractor.swift */ = {isa = PBXFileReference; lastKnownFileType = sourcecode.swift; path = AppRootInteractor.swift; sourceTree = "<group>"; };
		4320DE1AABD8F28D554D0833 /* AppRootBuilder.swift */ = {isa = PBXFileReference; lastKnownFileType = sourcecode.swift; path = AppRootBuilder.swift; sourceTree = "<group>"; };
		4D66537BD4533108502FAE9D /* Assets.xcassets */ = {isa = PBXFileReference; lastKnownFileType = folder.assetcatalog; path = Assets.xcassets; sourceTree = "<group>"; };
		53C6A8BEA25F413352F1679F /* AppComponent.swift */ = {isa = PBXFileReference; lastKnownFileType = sourcecode.swift; path = AppComponent.swift; sourceTree = "<group>"; };
		5506C479897F5561D4A54ADE /* AppRootViewController.swift */ = {isa = PBXFileReference; lastKnownFileType = sourcecode.swift; path = AppRootViewController.swift; sourceTree = "<group>"; };
		5F499FF5E03D6ACF2CF5D935 /* PracticeRIBs.app */ = {isa = PBXFileReference; explicitFileType = wrapper.application; includeInIndex = 0; path = PracticeRIBs.app; sourceTree = BUILT_PRODUCTS_DIR; };
		62AE74FAB79BAA0EF5699DD2 /* Base */ = {isa = PBXFileReference; lastKnownFileType = file.storyboard; name = Base; path = Base.lproj/LaunchScreen.storyboard; sourceTree = "<group>"; };
		6A2570A9285C0566004B9443 /* Features */ = {isa = PBXFileReference; lastKnownFileType = wrapper; path = Features; sourceTree = "<group>"; };
		6A2570AD285C05C5004B9443 /* Finance */ = {isa = PBXFileReference; lastKnownFileType = wrapper; path = Finance; sourceTree = "<group>"; };
		6A2570AE285C076D004B9443 /* Transport */ = {isa = PBXFileReference; lastKnownFileType = wrapper; path = Transport; sourceTree = "<group>"; };
		7EFF7F777F23026A94BF4A1E /* Info.plist */ = {isa = PBXFileReference; lastKnownFileType = text.plist.xml; path = Info.plist; sourceTree = "<group>"; };
		B0F0139AC06D07AC2EBF70D9 /* AppRootRouter.swift */ = {isa = PBXFileReference; lastKnownFileType = sourcecode.swift; path = AppRootRouter.swift; sourceTree = "<group>"; };
		FD9094932D979DCCE0E7635A /* AppDelegate.swift */ = {isa = PBXFileReference; lastKnownFileType = sourcecode.swift; path = AppDelegate.swift; sourceTree = "<group>"; };
/* End PBXFileReference section */

/* Begin PBXFrameworksBuildPhase section */
		5D5D24F0C0FA3F556F8324F1 /* Frameworks */ = {
			isa = PBXFrameworksBuildPhase;
			buildActionMask = 2147483647;
			files = (
				6A2570A8285C053B004B9443 /* RIBs in Frameworks */,
				6A2570AB285C0585004B9443 /* Features in Frameworks */,
			);
			runOnlyForDeploymentPostprocessing = 0;
		};
/* End PBXFrameworksBuildPhase section */

/* Begin PBXGroup section */
		68E622D7AB8D65FABFC7A564 /* AppRoot */ = {
			isa = PBXGroup;
			children = (
				4320DE1AABD8F28D554D0833 /* AppRootBuilder.swift */,
				1BFB2383FF57C0A0F938DFC1 /* AppRootInteractor.swift */,
				B0F0139AC06D07AC2EBF70D9 /* AppRootRouter.swift */,
				5506C479897F5561D4A54ADE /* AppRootViewController.swift */,
			);
			path = AppRoot;
			sourceTree = "<group>";
		};
		6A2570A0285C01BB004B9443 /* Features */ = {
			isa = PBXGroup;
			children = (
				6A2570AC285C0588004B9443 /* Fragments */,
				6A2570A9285C0566004B9443 /* Features */,
			);
			path = Features;
			sourceTree = "<group>";
		};
		6A2570AC285C0588004B9443 /* Fragments */ = {
			isa = PBXGroup;
			children = (
				6A2570AD285C05C5004B9443 /* Finance */,
				6A2570AE285C076D004B9443 /* Transport */,
			);
			path = Fragments;
			sourceTree = "<group>";
		};
		6A2570AF285C07A7004B9443 /* SupportingFiles */ = {
			isa = PBXGroup;
			children = (
				4D66537BD4533108502FAE9D /* Assets.xcassets */,
				7EFF7F777F23026A94BF4A1E /* Info.plist */,
				BB18525A199F4EB81B4911AA /* LaunchScreen.storyboard */,
			);
			path = SupportingFiles;
			sourceTree = "<group>";
		};
		7B170E9806150A2D2A88A5AA /* AppDelegate */ = {
			isa = PBXGroup;
			children = (
				53C6A8BEA25F413352F1679F /* AppComponent.swift */,
				FD9094932D979DCCE0E7635A /* AppDelegate.swift */,
			);
			path = AppDelegate;
			sourceTree = "<group>";
		};
		851C1B3EE102F7C438D65DB3 /* PracticeRIBs */ = {
			isa = PBXGroup;
			children = (
				F38D41A9A774966961E2ABC4 /* Application */,
				6A2570A0285C01BB004B9443 /* Features */,
			);
			path = PracticeRIBs;
			sourceTree = "<group>";
		};
		B853B0F0F02872DFEC59093F = {
			isa = PBXGroup;
			children = (
				851C1B3EE102F7C438D65DB3 /* PracticeRIBs */,
				F14EA7CF3AE97E27D0FC1CFB /* Products */,
			);
			sourceTree = "<group>";
		};
		F14EA7CF3AE97E27D0FC1CFB /* Products */ = {
			isa = PBXGroup;
			children = (
				5F499FF5E03D6ACF2CF5D935 /* PracticeRIBs.app */,
			);
			name = Products;
			sourceTree = "<group>";
		};
		F38D41A9A774966961E2ABC4 /* Application */ = {
			isa = PBXGroup;
			children = (
				6A2570AF285C07A7004B9443 /* SupportingFiles */,
				7B170E9806150A2D2A88A5AA /* AppDelegate */,
				68E622D7AB8D65FABFC7A564 /* AppRoot */,
			);
			path = Application;
			sourceTree = "<group>";
		};
/* End PBXGroup section */

/* Begin PBXNativeTarget section */
		3CE0194494B4B47D5DA77501 /* PracticeRIBs */ = {
			isa = PBXNativeTarget;
			buildConfigurationList = 43C91FA9CACEB165EAB2449C /* Build configuration list for PBXNativeTarget "PracticeRIBs" */;
			buildPhases = (
				640C3DC5065073B6896B40F2 /* Sources */,
				6F674D9FC6716733C450EBAA /* Resources */,
				5D5D24F0C0FA3F556F8324F1 /* Frameworks */,
			);
			buildRules = (
			);
			dependencies = (
			);
			name = PracticeRIBs;
			packageProductDependencies = (
				6A2570A7285C053B004B9443 /* RIBs */,
				6A2570AA285C0585004B9443 /* Features */,
			);
			productName = PracticeRIBs;
			productReference = 5F499FF5E03D6ACF2CF5D935 /* PracticeRIBs.app */;
			productType = "com.apple.product-type.application";
		};
/* End PBXNativeTarget section */

/* Begin PBXProject section */
		1574CABF3965FBE2AD874C40 /* Project object */ = {
			isa = PBXProject;
			attributes = {
				LastUpgradeCheck = 1200;
			};
			buildConfigurationList = 666887E4FB56DA0693898BCF /* Build configuration list for PBXProject "PracticeRIBs" */;
			compatibilityVersion = "Xcode 11.0";
			developmentRegion = en;
			hasScannedForEncodings = 0;
			knownRegions = (
				Base,
				en,
			);
			mainGroup = B853B0F0F02872DFEC59093F;
			packageReferences = (
				5F0A1E3350E45E2CAB4D5DBF /* XCRemoteSwiftPackageReference "RIBs" */,
			);
			projectDirPath = "";
			projectRoot = "";
			targets = (
				3CE0194494B4B47D5DA77501 /* PracticeRIBs */,
			);
		};
/* End PBXProject section */

/* Begin PBXResourcesBuildPhase section */
		6F674D9FC6716733C450EBAA /* Resources */ = {
			isa = PBXResourcesBuildPhase;
			buildActionMask = 2147483647;
			files = (
				23AA0F066C8718DD291B526A /* Assets.xcassets in Resources */,
				A7486D6D0C9D2DD0964D8FDF /* LaunchScreen.storyboard in Resources */,
			);
			runOnlyForDeploymentPostprocessing = 0;
		};
/* End PBXResourcesBuildPhase section */

/* Begin PBXSourcesBuildPhase section */
		640C3DC5065073B6896B40F2 /* Sources */ = {
			isa = PBXSourcesBuildPhase;
			buildActionMask = 2147483647;
			files = (
				1A8C1CEFAA5C19B509134A7A /* AppComponent.swift in Sources */,
				B6866F65525DC9AB684DFC6D /* AppDelegate.swift in Sources */,
				38B177321DE5C280D2FC5EB3 /* AppRootBuilder.swift in Sources */,
				A24B8CD71A58A45084D728C4 /* AppRootInteractor.swift in Sources */,
				4AD262FFD0A0226D7D5CBE6D /* AppRootRouter.swift in Sources */,
				F4EC162344D17BEEC9D66A48 /* AppRootViewController.swift in Sources */,
			);
			runOnlyForDeploymentPostprocessing = 0;
		};
/* End PBXSourcesBuildPhase section */

/* Begin PBXVariantGroup section */
		BB18525A199F4EB81B4911AA /* LaunchScreen.storyboard */ = {
			isa = PBXVariantGroup;
			children = (
				62AE74FAB79BAA0EF5699DD2 /* Base */,
			);
			name = LaunchScreen.storyboard;
			sourceTree = "<group>";
		};
/* End PBXVariantGroup section */

/* Begin XCBuildConfiguration section */
		75B1B2BB2B05E48F5AF2182B /* Release */ = {
			isa = XCBuildConfiguration;
			buildSettings = {
				ASSETCATALOG_COMPILER_APPICON_NAME = AppIcon;
				CODE_SIGN_IDENTITY = "iPhone Developer";
				DEVELOPMENT_TEAM = A32SVNA976;
				INFOPLIST_FILE = PracticeRIBs/Application/SupportingFiles/Info.plist;
				IPHONEOS_DEPLOYMENT_TARGET = 13.0;
				LD_RUNPATH_SEARCH_PATHS = (
					"$(inherited)",
					"@executable_path/Frameworks",
				);
				PRODUCT_BUNDLE_IDENTIFIER = "co.kr.greencar.practice-ribs";
				SDKROOT = iphoneos;
				TARGETED_DEVICE_FAMILY = "1,2";
			};
			name = Release;
		};
		796C632FB6431D1D9EEA8B74 /* Release */ = {
			isa = XCBuildConfiguration;
			buildSettings = {
				ALWAYS_SEARCH_USER_PATHS = NO;
				CLANG_ANALYZER_NONNULL = YES;
				CLANG_ANALYZER_NUMBER_OBJECT_CONVERSION = YES_AGGRESSIVE;
				CLANG_CXX_LANGUAGE_STANDARD = "gnu++14";
				CLANG_CXX_LIBRARY = "libc++";
				CLANG_ENABLE_MODULES = YES;
				CLANG_ENABLE_OBJC_ARC = YES;
				CLANG_ENABLE_OBJC_WEAK = YES;
				CLANG_WARN_BLOCK_CAPTURE_AUTORELEASING = YES;
				CLANG_WARN_BOOL_CONVERSION = YES;
				CLANG_WARN_COMMA = YES;
				CLANG_WARN_CONSTANT_CONVERSION = YES;
				CLANG_WARN_DEPRECATED_OBJC_IMPLEMENTATIONS = YES;
				CLANG_WARN_DIRECT_OBJC_ISA_USAGE = YES_ERROR;
				CLANG_WARN_DOCUMENTATION_COMMENTS = YES;
				CLANG_WARN_EMPTY_BODY = YES;
				CLANG_WARN_ENUM_CONVERSION = YES;
				CLANG_WARN_INFINITE_RECURSION = YES;
				CLANG_WARN_INT_CONVERSION = YES;
				CLANG_WARN_NON_LITERAL_NULL_CONVERSION = YES;
				CLANG_WARN_OBJC_IMPLICIT_RETAIN_SELF = YES;
				CLANG_WARN_OBJC_LITERAL_CONVERSION = YES;
				CLANG_WARN_OBJC_ROOT_CLASS = YES_ERROR;
				CLANG_WARN_QUOTED_INCLUDE_IN_FRAMEWORK_HEADER = YES;
				CLANG_WARN_RANGE_LOOP_ANALYSIS = YES;
				CLANG_WARN_STRICT_PROTOTYPES = YES;
				CLANG_WARN_SUSPICIOUS_MOVE = YES;
				CLANG_WARN_UNGUARDED_AVAILABILITY = YES_AGGRESSIVE;
				CLANG_WARN_UNREACHABLE_CODE = YES;
				CLANG_WARN__DUPLICATE_METHOD_MATCH = YES;
				COPY_PHASE_STRIP = NO;
				DEBUG_INFORMATION_FORMAT = "dwarf-with-dsym";
				ENABLE_NS_ASSERTIONS = NO;
				ENABLE_STRICT_OBJC_MSGSEND = YES;
				GCC_C_LANGUAGE_STANDARD = gnu11;
				GCC_NO_COMMON_BLOCKS = YES;
				GCC_WARN_64_TO_32_BIT_CONVERSION = YES;
				GCC_WARN_ABOUT_RETURN_TYPE = YES_ERROR;
				GCC_WARN_UNDECLARED_SELECTOR = YES;
				GCC_WARN_UNINITIALIZED_AUTOS = YES_AGGRESSIVE;
				GCC_WARN_UNUSED_FUNCTION = YES;
				GCC_WARN_UNUSED_VARIABLE = YES;
				MTL_ENABLE_DEBUG_INFO = NO;
				MTL_FAST_MATH = YES;
				PRODUCT_NAME = "$(TARGET_NAME)";
				SDKROOT = iphoneos;
				SWIFT_COMPILATION_MODE = wholemodule;
				SWIFT_OPTIMIZATION_LEVEL = "-O";
				SWIFT_VERSION = 5.0;
			};
			name = Release;
		};
		83B1ADD895AE14DE6E38E0DD /* Debug */ = {
			isa = XCBuildConfiguration;
			buildSettings = {
				ALWAYS_SEARCH_USER_PATHS = NO;
				CLANG_ANALYZER_NONNULL = YES;
				CLANG_ANALYZER_NUMBER_OBJECT_CONVERSION = YES_AGGRESSIVE;
				CLANG_CXX_LANGUAGE_STANDARD = "gnu++14";
				CLANG_CXX_LIBRARY = "libc++";
				CLANG_ENABLE_MODULES = YES;
				CLANG_ENABLE_OBJC_ARC = YES;
				CLANG_ENABLE_OBJC_WEAK = YES;
				CLANG_WARN_BLOCK_CAPTURE_AUTORELEASING = YES;
				CLANG_WARN_BOOL_CONVERSION = YES;
				CLANG_WARN_COMMA = YES;
				CLANG_WARN_CONSTANT_CONVERSION = YES;
				CLANG_WARN_DEPRECATED_OBJC_IMPLEMENTATIONS = YES;
				CLANG_WARN_DIRECT_OBJC_ISA_USAGE = YES_ERROR;
				CLANG_WARN_DOCUMENTATION_COMMENTS = YES;
				CLANG_WARN_EMPTY_BODY = YES;
				CLANG_WARN_ENUM_CONVERSION = YES;
				CLANG_WARN_INFINITE_RECURSION = YES;
				CLANG_WARN_INT_CONVERSION = YES;
				CLANG_WARN_NON_LITERAL_NULL_CONVERSION = YES;
				CLANG_WARN_OBJC_IMPLICIT_RETAIN_SELF = YES;
				CLANG_WARN_OBJC_LITERAL_CONVERSION = YES;
				CLANG_WARN_OBJC_ROOT_CLASS = YES_ERROR;
				CLANG_WARN_QUOTED_INCLUDE_IN_FRAMEWORK_HEADER = YES;
				CLANG_WARN_RANGE_LOOP_ANALYSIS = YES;
				CLANG_WARN_STRICT_PROTOTYPES = YES;
				CLANG_WARN_SUSPICIOUS_MOVE = YES;
				CLANG_WARN_UNGUARDED_AVAILABILITY = YES_AGGRESSIVE;
				CLANG_WARN_UNREACHABLE_CODE = YES;
				CLANG_WARN__DUPLICATE_METHOD_MATCH = YES;
				COPY_PHASE_STRIP = NO;
				DEBUG_INFORMATION_FORMAT = dwarf;
				ENABLE_STRICT_OBJC_MSGSEND = YES;
				ENABLE_TESTABILITY = YES;
				GCC_C_LANGUAGE_STANDARD = gnu11;
				GCC_DYNAMIC_NO_PIC = NO;
				GCC_NO_COMMON_BLOCKS = YES;
				GCC_OPTIMIZATION_LEVEL = 0;
				GCC_PREPROCESSOR_DEFINITIONS = (
					"$(inherited)",
					"DEBUG=1",
				);
				GCC_WARN_64_TO_32_BIT_CONVERSION = YES;
				GCC_WARN_ABOUT_RETURN_TYPE = YES_ERROR;
				GCC_WARN_UNDECLARED_SELECTOR = YES;
				GCC_WARN_UNINITIALIZED_AUTOS = YES_AGGRESSIVE;
				GCC_WARN_UNUSED_FUNCTION = YES;
				GCC_WARN_UNUSED_VARIABLE = YES;
				MTL_ENABLE_DEBUG_INFO = INCLUDE_SOURCE;
				MTL_FAST_MATH = YES;
				ONLY_ACTIVE_ARCH = YES;
				PRODUCT_NAME = "$(TARGET_NAME)";
				SDKROOT = iphoneos;
				SWIFT_ACTIVE_COMPILATION_CONDITIONS = DEBUG;
				SWIFT_OPTIMIZATION_LEVEL = "-Onone";
				SWIFT_VERSION = 5.0;
			};
			name = Debug;
		};
		937437CCB6627BFBA7146DC9 /* Debug */ = {
			isa = XCBuildConfiguration;
			buildSettings = {
				ASSETCATALOG_COMPILER_APPICON_NAME = AppIcon;
				CODE_SIGN_IDENTITY = "iPhone Developer";
				DEVELOPMENT_TEAM = A32SVNA976;
				INFOPLIST_FILE = PracticeRIBs/Application/SupportingFiles/Info.plist;
				IPHONEOS_DEPLOYMENT_TARGET = 13.0;
				LD_RUNPATH_SEARCH_PATHS = (
					"$(inherited)",
					"@executable_path/Frameworks",
				);
				PRODUCT_BUNDLE_IDENTIFIER = "co.kr.greencar.practice-ribs";
				SDKROOT = iphoneos;
				TARGETED_DEVICE_FAMILY = "1,2";
			};
			name = Debug;
		};
/* End XCBuildConfiguration section */

/* Begin XCConfigurationList section */
		43C91FA9CACEB165EAB2449C /* Build configuration list for PBXNativeTarget "PracticeRIBs" */ = {
			isa = XCConfigurationList;
			buildConfigurations = (
				937437CCB6627BFBA7146DC9 /* Debug */,
				75B1B2BB2B05E48F5AF2182B /* Release */,
			);
			defaultConfigurationIsVisible = 0;
			defaultConfigurationName = Debug;
		};
		666887E4FB56DA0693898BCF /* Build configuration list for PBXProject "PracticeRIBs" */ = {
			isa = XCConfigurationList;
			buildConfigurations = (
				83B1ADD895AE14DE6E38E0DD /* Debug */,
				796C632FB6431D1D9EEA8B74 /* Release */,
			);
			defaultConfigurationIsVisible = 0;
			defaultConfigurationName = Debug;
		};
/* End XCConfigurationList section */

/* Begin XCRemoteSwiftPackageReference section */
		5F0A1E3350E45E2CAB4D5DBF /* XCRemoteSwiftPackageReference "RIBs" */ = {
			isa = XCRemoteSwiftPackageReference;
			repositoryURL = "https://github.com/uber/RIBs";
			requirement = {
				kind = upToNextMajorVersion;
				minimumVersion = 0.13.0;
			};
		};
/* End XCRemoteSwiftPackageReference section */

/* Begin XCSwiftPackageProductDependency section */
		6A2570A7285C053B004B9443 /* RIBs */ = {
			isa = XCSwiftPackageProductDependency;
			package = 5F0A1E3350E45E2CAB4D5DBF /* XCRemoteSwiftPackageReference "RIBs" */;
			productName = RIBs;
		};
		6A2570AA285C0585004B9443 /* Features */ = {
			isa = XCSwiftPackageProductDependency;
			productName = Features;
		};
/* End XCSwiftPackageProductDependency section */
	};
	rootObject = 1574CABF3965FBE2AD874C40 /* Project object */;
}
